
Microsoft Visual Studio Solution File, Format Version 12.00
# Visual Studio Version 17
VisualStudioVersion = 17.2.32526.322
MinimumVisualStudioVersion = 10.0.40219.1
Project("{9A19103F-16F7-4668-BE54-9A1E7A4F7556}") = "ClassLibrary", "ClassLibrary\ClassLibrary.csproj", "{B3146F83-1E70-4054-BDA8-79205C5675A1}"
EndProject
Project("{8BC9CEB8-8B4A-11D0-8D11-00A0C91BC942}") = "Dll", "Dll\Dll.vcxproj", "{0DF38795-AD8D-4DC1-B00A-CF0E14E087DB}"
EndProject
Project("{9A19103F-16F7-4668-BE54-9A1E7A4F7556}") = "WpfApp", "WpfApp\WpfApp.csproj", "{F735B503-F9A0-419B-BF00-C421EE761C3D}"
EndProject
Global
	GlobalSection(SolutionConfigurationPlatforms) = preSolution
		Debug|Any CPU = Debug|Any CPU
		Debug|x64 = Debug|x64
		Debug|x86 = Debug|x86
		Release|Any CPU = Release|Any CPU
		Release|x64 = Release|x64
		Release|x86 = Release|x86
	EndGlobalSection
	GlobalSection(ProjectConfigurationPlatforms) = postSolution
		{B3146F83-1E70-4054-BDA8-79205C5675A1}.Debug|Any CPU.ActiveCfg = Debug|Any CPU
		{B3146F83-1E70-4054-BDA8-79205C5675A1}.Debug|Any CPU.Build.0 = Debug|Any CPU
		{B3146F83-1E70-4054-BDA8-79205C5675A1}.Debug|x64.ActiveCfg = Debug|Any CPU
		{B3146F83-1E70-4054-BDA8-79205C5675A1}.Debug|x64.Build.0 = Debug|Any CPU
		{B3146F83-1E70-4054-BDA8-79205C5675A1}.Debug|x86.ActiveCfg = Debug|Any CPU
		{B3146F83-1E70-4054-BDA8-79205C5675A1}.Debug|x86.Build.0 = Debug|Any CPU
		{B3146F83-1E70-4054-BDA8-79205C5675A1}.Release|Any CPU.ActiveCfg = Release|Any CPU
		{B3146F83-1E70-4054-BDA8-79205C5675A1}.Release|Any CPU.Build.0 = Release|Any CPU
		{B3146F83-1E70-4054-BDA8-79205C5675A1}.Release|x64.ActiveCfg = Release|Any CPU
		{B3146F83-1E70-4054-BDA8-79205C5675A1}.Release|x64.Build.0 = Release|Any CPU
		{B3146F83-1E70-4054-BDA8-79205C5675A1}.Release|x86.ActiveCfg = Release|Any CPU
		{B3146F83-1E70-4054-BDA8-79205C5675A1}.Release|x86.Build.0 = Release|Any CPU
		{0DF38795-AD8D-4DC1-B00A-CF0E14E087DB}.Debug|Any CPU.ActiveCfg = Debug|x64
		{0DF38795-AD8D-4DC1-B00A-CF0E14E087DB}.Debug|Any CPU.Build.0 = Debug|x64
		{0DF38795-AD8D-4DC1-B00A-CF0E14E087DB}.Debug|x64.ActiveCfg = Debug|x64
		{0DF38795-AD8D-4DC1-B00A-CF0E14E087DB}.Debug|x64.Build.0 = Debug|x64
		{0DF38795-AD8D-4DC1-B00A-CF0E14E087DB}.Debug|x86.ActiveCfg = Debug|Win32
		{0DF38795-AD8D-4DC1-B00A-CF0E14E087DB}.Debug|x86.Build.0 = Debug|Win32
		{0DF38795-AD8D-4DC1-B00A-CF0E14E087DB}.Release|Any CPU.ActiveCfg = Release|x64
		{0DF38795-AD8D-4DC1-B00A-CF0E14E087DB}.Release|Any CPU.Build.0 = Release|x64
		{0DF38795-AD8D-4DC1-B00A-CF0E14E087DB}.Release|x64.ActiveCfg = Release|x64
		{0DF38795-AD8D-4DC1-B00A-CF0E14E087DB}.Release|x64.Build.0 = Release|x64
		{0DF38795-AD8D-4DC1-B00A-CF0E14E087DB}.Release|x86.ActiveCfg = Release|Win32
		{0DF38795-AD8D-4DC1-B00A-CF0E14E087DB}.Release|x86.Build.0 = Release|Win32
		{F735B503-F9A0-419B-BF00-C421EE761C3D}.Debug|Any CPU.ActiveCfg = Debug|Any CPU
		{F735B503-F9A0-419B-BF00-C421EE761C3D}.Debug|Any CPU.Build.0 = Debug|Any CPU
		{F735B503-F9A0-419B-BF00-C421EE761C3D}.Debug|x64.ActiveCfg = Debug|Any CPU
		{F735B503-F9A0-419B-BF00-C421EE761C3D}.Debug|x64.Build.0 = Debug|Any CPU
		{F735B503-F9A0-419B-BF00-C421EE761C3D}.Debug|x86.ActiveCfg = Debug|Any CPU
		{F735B503-F9A0-419B-BF00-C421EE761C3D}.Debug|x86.Build.0 = Debug|Any CPU
		{F735B503-F9A0-419B-BF00-C421EE761C3D}.Release|Any CPU.ActiveCfg = Release|Any CPU
		{F735B503-F9A0-419B-BF00-C421EE761C3D}.Release|Any CPU.Build.0 = Release|Any CPU
		{F735B503-F9A0-419B-BF00-C421EE761C3D}.Release|x64.ActiveCfg = Release|Any CPU
		{F735B503-F9A0-419B-BF00-C421EE761C3D}.Release|x64.Build.0 = Release|Any CPU
		{F735B503-F9A0-419B-BF00-C421EE761C3D}.Release|x86.ActiveCfg = Release|Any CPU
		{F735B503-F9A0-419B-BF00-C421EE761C3D}.Release|x86.Build.0 = Release|Any CPU
	EndGlobalSection
	GlobalSection(SolutionProperties) = preSolution
		HideSolutionNode = FALSE
	EndGlobalSection
	GlobalSection(ExtensibilityGlobals) = postSolution
		SolutionGuid = {B1529689-DFAA-4DCB-897D-D80D253265B5}
	EndGlobalSection
EndGlobal
